<?xml version="1.0" encoding="utf-8"?>
<Project ToolsVersion="4.0" xmlns="http://schemas.microsoft.com/developer/msbuild/2003">
  <ItemGroup>
    <ClCompile Include="2dpolygon.cpp" />
    <ClCompile Include="DirectInput.cpp" />
    <ClCompile Include="domino.cpp" />
    <ClCompile Include="fade.cpp" />
    <ClCompile Include="game.cpp" />
    <ClCompile Include="hand.cpp" />
    <ClCompile Include="input.cpp" />
    <ClCompile Include="inputjoypad.cpp" />
    <ClCompile Include="inputkeyboard.cpp" />
    <ClCompile Include="inputmouse.cpp" />
    <ClCompile Include="main.cpp" />
    <ClCompile Include="manager.cpp" />
    <ClCompile Include="object.cpp" />
    <ClCompile Include="ranking.cpp" />
    <ClCompile Include="read.cpp" />
    <ClCompile Include="renderer.cpp" />
    <ClCompile Include="result.cpp" />
    <ClCompile Include="Score.cpp" />
    <ClCompile Include="sign.cpp" />
    <ClCompile Include="sound.cpp" />
    <ClCompile Include="texture.cpp" />
    <ClCompile Include="title.cpp" />
    <ClCompile Include="ui.cpp" />
    <ClCompile Include="tutorial.cpp" />
    <ClCompile Include="countdown.cpp" />
  </ItemGroup>
  <ItemGroup>
    <ClInclude Include="2dpolygon.h" />
    <ClInclude Include="DirectInput.h" />
    <ClInclude Include="domino.h" />
    <ClInclude Include="fade.h" />
    <ClInclude Include="game.h" />
    <ClInclude Include="hand.h" />
    <ClInclude Include="input.h" />
    <ClInclude Include="inputjoypad.h" />
    <ClInclude Include="inputkeyboard.h" />
    <ClInclude Include="inputkeydata.h" />
    <ClInclude Include="inputmouse.h" />
    <ClInclude Include="main.h" />
    <ClInclude Include="manager.h" />
    <ClInclude Include="object.h" />
    <ClInclude Include="ranking.h" />
    <ClInclude Include="read.h" />
    <ClInclude Include="renderer.h" />
    <ClInclude Include="resource.h" />
    <ClInclude Include="result.h" />
    <ClInclude Include="Score.h" />
    <ClInclude Include="sign.h" />
    <ClInclude Include="sound.h" />
    <ClInclude Include="texture.h" />
    <ClInclude Include="title.h" />
    <ClInclude Include="ui.h" />
    <ClInclude Include="tutorial.h" />
    <ClInclude Include="countdown.h" />
  </ItemGroup>
</Project>