<?xml version="1.0" encoding="utf-8"?>
<Project ToolsVersion="4.0" xmlns="http://schemas.microsoft.com/developer/msbuild/2003">
  <ItemGroup>
    <ClCompile Include="2dpolygon.cpp" />
    <ClCompile Include="DirectInput.cpp" />
    <ClCompile Include="domino.cpp" />
    <ClCompile Include="fade.cpp" />
    <ClCompile Include="game.cpp" />
    <ClCompile Include="hand.cpp" />
    <ClCompile Include="input.cpp" />
    <ClCompile Include="inputjoypad.cpp" />
    <ClCompile Include="inputkeyboard.cpp" />
    <ClCompile Include="inputmouse.cpp" />
    <ClCompile Include="main.cpp" />
    <ClCompile Include="manager.cpp" />
    <ClCompile Include="object.cpp" />
    <ClCompile Include="ranking.cpp" />
    <ClCompile Include="read.cpp" />
    <ClCompile Include="renderer.cpp" />
    <ClCompile Include="result.cpp" />
    <ClCompile Include="Score.cpp" />
    <ClCompile Include="sign.cpp" />
    <ClCompile Include="sound.cpp" />
    <ClCompile Include="texture.cpp" />
    <ClCompile Include="title.cpp" />
    <ClCompile Include="ui.cpp" />
    <ClCompile Include="tutorial.cpp" />
    <ClCompile Include="countdown.cpp" />
  </ItemGroup>
  <ItemGroup>
<<<<<<< HEAD
    <ClInclude Include="2dpolygon.h" />
    <ClInclude Include="DirectInput.h" />
    <ClInclude Include="domino.h" />
    <ClInclude Include="fade.h" />
    <ClInclude Include="game.h" />
    <ClInclude Include="hand.h" />
    <ClInclude Include="input.h" />
    <ClInclude Include="inputjoypad.h" />
    <ClInclude Include="inputkeyboard.h" />
    <ClInclude Include="inputkeydata.h" />
    <ClInclude Include="inputmouse.h" />
    <ClInclude Include="main.h" />
    <ClInclude Include="manager.h" />
    <ClInclude Include="object.h" />
    <ClInclude Include="ranking.h" />
    <ClInclude Include="read.h" />
    <ClInclude Include="renderer.h" />
    <ClInclude Include="resource.h" />
    <ClInclude Include="result.h" />
    <ClInclude Include="Score.h" />
    <ClInclude Include="sign.h" />
    <ClInclude Include="sound.h" />
    <ClInclude Include="texture.h" />
    <ClInclude Include="title.h" />
    <ClInclude Include="ui.h" />
    <ClInclude Include="tutorial.h" />
    <ClInclude Include="countdown.h" />
=======
    <ClCompile Include="input.cpp">
      <Filter>ソース ファイル</Filter>
    </ClCompile>
    <ClCompile Include="inputjoypad.cpp">
      <Filter>ソース ファイル</Filter>
    </ClCompile>
    <ClCompile Include="inputkeyboard.cpp">
      <Filter>ソース ファイル</Filter>
    </ClCompile>
    <ClCompile Include="inputmouse.cpp">
      <Filter>ソース ファイル</Filter>
    </ClCompile>
    <ClCompile Include="main.cpp">
      <Filter>ソース ファイル</Filter>
    </ClCompile>
    <ClCompile Include="manager.cpp">
      <Filter>ソース ファイル</Filter>
    </ClCompile>
    <ClCompile Include="object.cpp">
      <Filter>ソース ファイル</Filter>
    </ClCompile>
    <ClCompile Include="read.cpp">
      <Filter>ソース ファイル</Filter>
    </ClCompile>
    <ClCompile Include="renderer.cpp">
      <Filter>ソース ファイル</Filter>
    </ClCompile>
    <ClCompile Include="result.cpp">
      <Filter>ソース ファイル</Filter>
    </ClCompile>
    <ClCompile Include="texture.cpp">
      <Filter>ソース ファイル</Filter>
    </ClCompile>
    <ClCompile Include="title.cpp">
      <Filter>ソース ファイル</Filter>
    </ClCompile>
    <ClCompile Include="ui.cpp">
      <Filter>ソース ファイル</Filter>
    </ClCompile>
    <ClCompile Include="2dpolygon.cpp">
      <Filter>ソース ファイル</Filter>
    </ClCompile>
    <ClCompile Include="DirectInput.cpp">
      <Filter>ソース ファイル</Filter>
    </ClCompile>
    <ClCompile Include="fade.cpp">
      <Filter>ソース ファイル</Filter>
    </ClCompile>
    <ClCompile Include="game.cpp">
      <Filter>ソース ファイル</Filter>
    </ClCompile>
    <ClCompile Include="domino.cpp">
      <Filter>ソース ファイル</Filter>
    </ClCompile>
    <ClCompile Include="hand.cpp">
      <Filter>ソース ファイル</Filter>
    </ClCompile>
    <ClCompile Include="sound.cpp">
      <Filter>ソース ファイル</Filter>
    </ClCompile>
    <ClCompile Include="Score.cpp">
      <Filter>ソース ファイル</Filter>
    </ClCompile>
<<<<<<< HEAD
    <ClCompile Include="ranking.cpp">
=======
    <ClCompile Include="sign.cpp">
>>>>>>> 791fac081589f4abce9089207d8ee57a7106b4af
      <Filter>ソース ファイル</Filter>
    </ClCompile>
    <ClCompile Include="number_manager.cpp">
      <Filter>ソース ファイル</Filter>
    </ClCompile>
    <ClCompile Include="number.cpp">
      <Filter>ソース ファイル</Filter>
    </ClCompile>
  </ItemGroup>
  <ItemGroup>
    <ClInclude Include="input.h">
      <Filter>ヘッダー ファイル</Filter>
    </ClInclude>
    <ClInclude Include="inputjoypad.h">
      <Filter>ヘッダー ファイル</Filter>
    </ClInclude>
    <ClInclude Include="inputkeyboard.h">
      <Filter>ヘッダー ファイル</Filter>
    </ClInclude>
    <ClInclude Include="inputkeydata.h">
      <Filter>ヘッダー ファイル</Filter>
    </ClInclude>
    <ClInclude Include="inputmouse.h">
      <Filter>ヘッダー ファイル</Filter>
    </ClInclude>
    <ClInclude Include="main.h">
      <Filter>ヘッダー ファイル</Filter>
    </ClInclude>
    <ClInclude Include="manager.h">
      <Filter>ヘッダー ファイル</Filter>
    </ClInclude>
    <ClInclude Include="object.h">
      <Filter>ヘッダー ファイル</Filter>
    </ClInclude>
    <ClInclude Include="read.h">
      <Filter>ヘッダー ファイル</Filter>
    </ClInclude>
    <ClInclude Include="renderer.h">
      <Filter>ヘッダー ファイル</Filter>
    </ClInclude>
    <ClInclude Include="resource.h">
      <Filter>ヘッダー ファイル</Filter>
    </ClInclude>
    <ClInclude Include="result.h">
      <Filter>ヘッダー ファイル</Filter>
    </ClInclude>
    <ClInclude Include="texture.h">
      <Filter>ヘッダー ファイル</Filter>
    </ClInclude>
    <ClInclude Include="title.h">
      <Filter>ヘッダー ファイル</Filter>
    </ClInclude>
    <ClInclude Include="ui.h">
      <Filter>ヘッダー ファイル</Filter>
    </ClInclude>
    <ClInclude Include="2dpolygon.h">
      <Filter>ヘッダー ファイル</Filter>
    </ClInclude>
    <ClInclude Include="DirectInput.h">
      <Filter>ヘッダー ファイル</Filter>
    </ClInclude>
    <ClInclude Include="fade.h">
      <Filter>ヘッダー ファイル</Filter>
    </ClInclude>
    <ClInclude Include="game.h">
      <Filter>ヘッダー ファイル</Filter>
    </ClInclude>
    <ClInclude Include="domino.h">
      <Filter>ヘッダー ファイル</Filter>
    </ClInclude>
    <ClInclude Include="hand.h">
      <Filter>ヘッダー ファイル</Filter>
    </ClInclude>
    <ClInclude Include="sound.h">
      <Filter>ヘッダー ファイル</Filter>
    </ClInclude>
    <ClInclude Include="Score.h">
      <Filter>ヘッダー ファイル</Filter>
    </ClInclude>
<<<<<<< HEAD
    <ClInclude Include="ranking.h">
=======
    <ClInclude Include="sign.h">
>>>>>>> 791fac081589f4abce9089207d8ee57a7106b4af
      <Filter>ヘッダー ファイル</Filter>
    </ClInclude>
    <ClInclude Include="number_manager.h">
      <Filter>ヘッダー ファイル</Filter>
    </ClInclude>
    <ClInclude Include="number.h">
      <Filter>ヘッダー ファイル</Filter>
    </ClInclude>
>>>>>>> ced461c3ffe18f26048aa99195ab1b3abc7ef5e6
  </ItemGroup>
</Project>